
Microsoft Visual Studio Solution File, Format Version 12.00
# Visual Studio Version 17
VisualStudioVersion = 17.3.32929.385
MinimumVisualStudioVersion = 10.0.40219.1
Project("{FAE04EC0-301F-11D3-BF4B-00C04F79EFBC}") = "TestMasivAPI", "TestMasivAPI\TestMasivAPI.csproj", "{6D4B8BA8-ED6A-4353-808E-7F6A967C6F12}"
EndProject
Global
	GlobalSection(SolutionConfigurationPlatforms) = preSolution
		Debug|Any CPU = Debug|Any CPU
		Release|Any CPU = Release|Any CPU
	EndGlobalSection
	GlobalSection(ProjectConfigurationPlatforms) = postSolution
		{6D4B8BA8-ED6A-4353-808E-7F6A967C6F12}.Debug|Any CPU.ActiveCfg = Debug|Any CPU
		{6D4B8BA8-ED6A-4353-808E-7F6A967C6F12}.Debug|Any CPU.Build.0 = Debug|Any CPU
		{6D4B8BA8-ED6A-4353-808E-7F6A967C6F12}.Release|Any CPU.ActiveCfg = Release|Any CPU
		{6D4B8BA8-ED6A-4353-808E-7F6A967C6F12}.Release|Any CPU.Build.0 = Release|Any CPU
	EndGlobalSection
	GlobalSection(SolutionProperties) = preSolution
		HideSolutionNode = FALSE
	EndGlobalSection
	GlobalSection(ExtensibilityGlobals) = postSolution
		SolutionGuid = {8407838A-3EB4-48FF-A3EF-ECB566582F4E}
	EndGlobalSection
EndGlobal
